
Microsoft Visual Studio Solution File, Format Version 12.00
Project("{FAE04EC0-301F-11D3-BF4B-00C04F79EFBC}") = "PartialMusicAnalyzer", "PartialMusicAnalyzer\PartialMusicAnalyzer\PartialMusicAnalyzer.csproj", "{F5CAD0E3-01F5-43C9-9810-440B01FD0974}"
EndProject
Global
	GlobalSection(SolutionConfigurationPlatforms) = preSolution
		Debug|Any CPU = Debug|Any CPU
		Release|Any CPU = Release|Any CPU
	EndGlobalSection
	GlobalSection(ProjectConfigurationPlatforms) = postSolution
		{F5CAD0E3-01F5-43C9-9810-440B01FD0974}.Debug|Any CPU.ActiveCfg = Debug|Any CPU
		{F5CAD0E3-01F5-43C9-9810-440B01FD0974}.Debug|Any CPU.Build.0 = Debug|Any CPU
		{F5CAD0E3-01F5-43C9-9810-440B01FD0974}.Release|Any CPU.ActiveCfg = Release|Any CPU
		{F5CAD0E3-01F5-43C9-9810-440B01FD0974}.Release|Any CPU.Build.0 = Release|Any CPU
	EndGlobalSection
EndGlobal
